{
	"name": "elysia-cf",
	"version": "0.0.0",
	"lockfileVersion": 3,
	"requires": true,
	"packages": {
		"": {
			"name": "elysia-cf",
			"version": "0.0.0",
			"dependencies": {
				"elysia": "../../"
			},
			"devDependencies": {
				"typescript": "^5.8.2",
				"wrangler": "^4.40.2"
			}
		},
		"node_modules/@cloudflare/kv-asset-handler": {
			"version": "0.4.0",
			"dev": true,
			"license": "MIT OR Apache-2.0",
			"dependencies": {
				"mime": "^3.0.0"
			},
			"engines": {
				"node": ">=18.0.0"
			}
		},
		"node_modules/@cloudflare/unenv-preset": {
			"version": "2.7.4",
			"dev": true,
			"license": "MIT OR Apache-2.0",
			"peerDependencies": {
				"unenv": "2.0.0-rc.21",
				"workerd": "^1.20250912.0"
			},
			"peerDependenciesMeta": {
				"workerd": {
					"optional": true
				}
			}
		},
		"node_modules/@cloudflare/workerd-darwin-arm64": {
			"version": "1.20250924.0",
			"cpu": [
				"arm64"
			],
			"dev": true,
			"license": "Apache-2.0",
			"optional": true,
			"os": [
				"darwin"
			],
			"engines": {
				"node": ">=16"
			}
		},
		"node_modules/@cspotcode/source-map-support": {
			"version": "0.8.1",
			"dev": true,
			"license": "MIT",
			"dependencies": {
				"@jridgewell/trace-mapping": "0.3.9"
			},
			"engines": {
				"node": ">=12"
			}
		},
		"node_modules/@esbuild/darwin-arm64": {
			"version": "0.25.4",
			"cpu": [
				"arm64"
			],
			"dev": true,
			"license": "MIT",
			"optional": true,
			"os": [
				"darwin"
			],
			"engines": {
				"node": ">=18"
			}
		},
		"node_modules/@img/sharp-darwin-arm64": {
			"version": "0.33.5",
			"cpu": [
				"arm64"
			],
			"dev": true,
			"license": "Apache-2.0",
			"optional": true,
			"os": [
				"darwin"
			],
			"engines": {
				"node": "^18.17.0 || ^20.3.0 || >=21.0.0"
			},
			"funding": {
				"url": "https://opencollective.com/libvips"
			},
			"optionalDependencies": {
				"@img/sharp-libvips-darwin-arm64": "1.0.4"
			}
		},
		"node_modules/@img/sharp-libvips-darwin-arm64": {
			"version": "1.0.4",
			"cpu": [
				"arm64"
			],
			"dev": true,
			"license": "LGPL-3.0-or-later",
			"optional": true,
			"os": [
				"darwin"
			],
			"funding": {
				"url": "https://opencollective.com/libvips"
			}
		},
		"node_modules/@jridgewell/resolve-uri": {
			"version": "3.1.2",
			"dev": true,
			"license": "MIT",
			"engines": {
				"node": ">=6.0.0"
			}
		},
		"node_modules/@jridgewell/sourcemap-codec": {
			"version": "1.5.5",
			"dev": true,
			"license": "MIT"
		},
		"node_modules/@jridgewell/trace-mapping": {
			"version": "0.3.9",
			"dev": true,
			"license": "MIT",
			"dependencies": {
				"@jridgewell/resolve-uri": "^3.0.3",
				"@jridgewell/sourcemap-codec": "^1.4.10"
			}
		},
		"node_modules/@poppinss/colors": {
			"version": "4.1.5",
			"dev": true,
			"license": "MIT",
			"dependencies": {
				"kleur": "^4.1.5"
			}
		},
		"node_modules/@poppinss/dumper": {
			"version": "0.6.4",
			"dev": true,
			"license": "MIT",
			"dependencies": {
				"@poppinss/colors": "^4.1.5",
				"@sindresorhus/is": "^7.0.2",
				"supports-color": "^10.0.0"
			}
		},
		"node_modules/@poppinss/dumper/node_modules/supports-color": {
			"version": "10.2.2",
			"dev": true,
			"license": "MIT",
			"engines": {
				"node": ">=18"
			},
			"funding": {
				"url": "https://github.com/chalk/supports-color?sponsor=1"
			}
		},
		"node_modules/@poppinss/exception": {
			"version": "1.2.2",
			"dev": true,
			"license": "MIT"
		},
		"node_modules/@sinclair/typebox": {
			"version": "0.34.41",
			"resolved": "https://registry.npmjs.org/@sinclair/typebox/-/typebox-0.34.41.tgz",
			"integrity": "sha512-6gS8pZzSXdyRHTIqoqSVknxolr1kzfy4/CeDnrzsVz8TTIWUbOBr6gnzOmTYJ3eXQNh4IYHIGi5aIL7sOZ2G/g==",
			"peer": true
		},
		"node_modules/@sindresorhus/is": {
			"version": "7.1.0",
			"dev": true,
			"license": "MIT",
			"engines": {
				"node": ">=18"
			},
			"funding": {
				"url": "https://github.com/sindresorhus/is?sponsor=1"
			}
		},
		"node_modules/@speed-highlight/core": {
			"version": "1.2.7",
			"dev": true,
			"license": "CC0-1.0"
		},
		"node_modules/acorn": {
			"version": "8.14.0",
			"dev": true,
			"license": "MIT",
			"bin": {
				"acorn": "bin/acorn"
			},
			"engines": {
				"node": ">=0.4.0"
			}
		},
		"node_modules/acorn-walk": {
			"version": "8.3.2",
			"dev": true,
			"license": "MIT",
			"engines": {
				"node": ">=0.4.0"
			}
		},
		"node_modules/blake3-wasm": {
			"version": "2.1.5",
			"dev": true,
			"license": "MIT"
		},
		"node_modules/color": {
			"version": "4.2.3",
			"dev": true,
			"license": "MIT",
			"dependencies": {
				"color-convert": "^2.0.1",
				"color-string": "^1.9.0"
			},
			"engines": {
				"node": ">=12.5.0"
			}
		},
		"node_modules/color-convert": {
			"version": "2.0.1",
			"dev": true,
			"license": "MIT",
			"dependencies": {
				"color-name": "~1.1.4"
			},
			"engines": {
				"node": ">=7.0.0"
			}
		},
		"node_modules/color-name": {
			"version": "1.1.4",
			"dev": true,
			"license": "MIT"
		},
		"node_modules/color-string": {
			"version": "1.9.1",
			"dev": true,
			"license": "MIT",
			"dependencies": {
				"color-name": "^1.0.0",
				"simple-swizzle": "^0.2.2"
			}
		},
		"node_modules/cookie": {
			"version": "1.0.2",
			"license": "MIT",
			"engines": {
				"node": ">=18"
			}
		},
		"node_modules/defu": {
			"version": "6.1.4",
			"dev": true,
			"license": "MIT"
		},
		"node_modules/detect-libc": {
			"version": "2.1.1",
			"dev": true,
			"license": "Apache-2.0",
			"engines": {
				"node": ">=8"
			}
		},
		"node_modules/elysia": {
			"version": "1.4.8",
			"license": "MIT",
			"dependencies": {
				"cookie": "^1.0.2",
				"exact-mirror": "0.2.2",
				"fast-decode-uri-component": "^1.0.1"
			},
			"peerDependencies": {
				"@sinclair/typebox": ">= 0.34.0 < 1",
				"exact-mirror": ">= 0.0.9",
				"file-type": ">= 20.0.0",
				"openapi-types": ">= 12.0.0",
				"typescript": ">= 5.0.0"
			},
			"peerDependenciesMeta": {
				"file-type": {
					"optional": true
				},
				"typescript": {
					"optional": true
				}
			}
		},
		"node_modules/error-stack-parser-es": {
			"version": "1.0.5",
			"dev": true,
			"license": "MIT",
			"funding": {
				"url": "https://github.com/sponsors/antfu"
			}
		},
		"node_modules/esbuild": {
			"version": "0.25.4",
			"dev": true,
			"hasInstallScript": true,
			"license": "MIT",
			"bin": {
				"esbuild": "bin/esbuild"
			},
			"engines": {
				"node": ">=18"
			},
			"optionalDependencies": {
				"@esbuild/aix-ppc64": "0.25.4",
				"@esbuild/android-arm": "0.25.4",
				"@esbuild/android-arm64": "0.25.4",
				"@esbuild/android-x64": "0.25.4",
				"@esbuild/darwin-arm64": "0.25.4",
				"@esbuild/darwin-x64": "0.25.4",
				"@esbuild/freebsd-arm64": "0.25.4",
				"@esbuild/freebsd-x64": "0.25.4",
				"@esbuild/linux-arm": "0.25.4",
				"@esbuild/linux-arm64": "0.25.4",
				"@esbuild/linux-ia32": "0.25.4",
				"@esbuild/linux-loong64": "0.25.4",
				"@esbuild/linux-mips64el": "0.25.4",
				"@esbuild/linux-ppc64": "0.25.4",
				"@esbuild/linux-riscv64": "0.25.4",
				"@esbuild/linux-s390x": "0.25.4",
				"@esbuild/linux-x64": "0.25.4",
				"@esbuild/netbsd-arm64": "0.25.4",
				"@esbuild/netbsd-x64": "0.25.4",
				"@esbuild/openbsd-arm64": "0.25.4",
				"@esbuild/openbsd-x64": "0.25.4",
				"@esbuild/sunos-x64": "0.25.4",
				"@esbuild/win32-arm64": "0.25.4",
				"@esbuild/win32-ia32": "0.25.4",
				"@esbuild/win32-x64": "0.25.4"
			}
		},
		"node_modules/exact-mirror": {
			"version": "0.2.2",
			"resolved": "https://registry.npmjs.org/exact-mirror/-/exact-mirror-0.2.2.tgz",
			"integrity": "sha512-CrGe+4QzHZlnrXZVlo/WbUZ4qQZq8C0uATQVGVgXIrNXgHDBBNFD1VRfssRA2C9t3RYvh3MadZSdg2Wy7HBoQA==",
			"peerDependencies": {
				"@sinclair/typebox": "^0.34.15"
			},
			"peerDependenciesMeta": {
				"@sinclair/typebox": {
					"optional": true
				}
			}
		},
		"node_modules/exit-hook": {
			"version": "2.2.1",
			"dev": true,
			"license": "MIT",
			"engines": {
				"node": ">=6"
			},
			"funding": {
				"url": "https://github.com/sponsors/sindresorhus"
			}
		},
		"node_modules/exsolve": {
			"version": "1.0.7",
			"dev": true,
			"license": "MIT"
		},
		"node_modules/fast-decode-uri-component": {
			"version": "1.0.1",
			"resolved": "https://registry.npmjs.org/fast-decode-uri-component/-/fast-decode-uri-component-1.0.1.tgz",
			"integrity": "sha512-WKgKWg5eUxvRZGwW8FvfbaH7AXSh2cL+3j5fMGzUMCxWBJ3dV3a7Wz8y2f/uQ0e3B6WmodD3oS54jTQ9HVTIIg=="
		},
		"node_modules/fsevents": {
			"version": "2.3.3",
			"dev": true,
			"license": "MIT",
			"optional": true,
			"os": [
				"darwin"
			],
			"engines": {
				"node": "^8.16.0 || ^10.6.0 || >=11.0.0"
			}
		},
		"node_modules/glob-to-regexp": {
			"version": "0.4.1",
			"dev": true,
			"license": "BSD-2-Clause"
		},
		"node_modules/is-arrayish": {
			"version": "0.3.4",
			"dev": true,
			"license": "MIT"
		},
		"node_modules/kleur": {
			"version": "4.1.5",
			"dev": true,
			"license": "MIT",
			"engines": {
				"node": ">=6"
			}
		},
		"node_modules/mime": {
			"version": "3.0.0",
			"dev": true,
			"license": "MIT",
			"bin": {
				"mime": "cli.js"
			},
			"engines": {
				"node": ">=10.0.0"
			}
		},
		"node_modules/miniflare": {
			"version": "4.20250924.0",
			"dev": true,
			"license": "MIT",
			"dependencies": {
				"@cspotcode/source-map-support": "0.8.1",
				"acorn": "8.14.0",
				"acorn-walk": "8.3.2",
				"exit-hook": "2.2.1",
				"glob-to-regexp": "0.4.1",
				"sharp": "^0.33.5",
				"stoppable": "1.1.0",
				"undici": "7.14.0",
				"workerd": "1.20250924.0",
				"ws": "8.18.0",
				"youch": "4.1.0-beta.10",
				"zod": "3.22.3"
			},
			"bin": {
				"miniflare": "bootstrap.js"
			},
			"engines": {
				"node": ">=18.0.0"
			}
		},
		"node_modules/miniflare/node_modules/zod": {
			"version": "3.22.3",
			"dev": true,
			"license": "MIT",
			"funding": {
				"url": "https://github.com/sponsors/colinhacks"
			}
		},
		"node_modules/ohash": {
			"version": "2.0.11",
			"dev": true,
			"license": "MIT"
		},
		"node_modules/openapi-types": {
			"version": "12.1.3",
			"resolved": "https://registry.npmjs.org/openapi-types/-/openapi-types-12.1.3.tgz",
			"integrity": "sha512-N4YtSYJqghVu4iek2ZUvcN/0aqH1kRDuNqzcycDxhOUpg7GdvLa2F3DgS6yBNhInhv2r/6I0Flkn7CqL8+nIcw==",
			"peer": true
		},
		"node_modules/path-to-regexp": {
			"version": "6.3.0",
			"dev": true,
			"license": "MIT"
		},
		"node_modules/pathe": {
			"version": "2.0.3",
			"dev": true,
			"license": "MIT"
		},
		"node_modules/semver": {
			"version": "7.7.2",
			"dev": true,
			"license": "ISC",
			"bin": {
				"semver": "bin/semver.js"
			},
			"engines": {
				"node": ">=10"
			}
		},
		"node_modules/sharp": {
			"version": "0.33.5",
			"dev": true,
			"hasInstallScript": true,
			"license": "Apache-2.0",
			"dependencies": {
				"color": "^4.2.3",
				"detect-libc": "^2.0.3",
				"semver": "^7.6.3"
			},
			"engines": {
				"node": "^18.17.0 || ^20.3.0 || >=21.0.0"
			},
			"funding": {
				"url": "https://opencollective.com/libvips"
			},
			"optionalDependencies": {
				"@img/sharp-darwin-arm64": "0.33.5",
				"@img/sharp-darwin-x64": "0.33.5",
				"@img/sharp-libvips-darwin-arm64": "1.0.4",
				"@img/sharp-libvips-darwin-x64": "1.0.4",
				"@img/sharp-libvips-linux-arm": "1.0.5",
				"@img/sharp-libvips-linux-arm64": "1.0.4",
				"@img/sharp-libvips-linux-s390x": "1.0.4",
				"@img/sharp-libvips-linux-x64": "1.0.4",
				"@img/sharp-libvips-linuxmusl-arm64": "1.0.4",
				"@img/sharp-libvips-linuxmusl-x64": "1.0.4",
				"@img/sharp-linux-arm": "0.33.5",
				"@img/sharp-linux-arm64": "0.33.5",
				"@img/sharp-linux-s390x": "0.33.5",
				"@img/sharp-linux-x64": "0.33.5",
				"@img/sharp-linuxmusl-arm64": "0.33.5",
				"@img/sharp-linuxmusl-x64": "0.33.5",
				"@img/sharp-wasm32": "0.33.5",
				"@img/sharp-win32-ia32": "0.33.5",
				"@img/sharp-win32-x64": "0.33.5"
			}
		},
		"node_modules/simple-swizzle": {
			"version": "0.2.4",
			"dev": true,
			"license": "MIT",
			"dependencies": {
				"is-arrayish": "^0.3.1"
			}
		},
		"node_modules/stoppable": {
			"version": "1.1.0",
			"dev": true,
			"license": "MIT",
			"engines": {
				"node": ">=4",
				"npm": ">=6"
			}
		},
		"node_modules/typescript": {
			"version": "5.9.2",
			"devOptional": true,
			"license": "Apache-2.0",
			"bin": {
				"tsc": "bin/tsc",
				"tsserver": "bin/tsserver"
			},
			"engines": {
				"node": ">=14.17"
			}
		},
		"node_modules/ufo": {
			"version": "1.6.1",
			"dev": true,
			"license": "MIT"
		},
		"node_modules/undici": {
			"version": "7.14.0",
			"dev": true,
			"license": "MIT",
			"engines": {
				"node": ">=20.18.1"
			}
		},
		"node_modules/unenv": {
			"version": "2.0.0-rc.21",
			"dev": true,
			"license": "MIT",
			"dependencies": {
				"defu": "^6.1.4",
				"exsolve": "^1.0.7",
				"ohash": "^2.0.11",
				"pathe": "^2.0.3",
				"ufo": "^1.6.1"
			}
		},
		"node_modules/workerd": {
			"version": "1.20250924.0",
			"dev": true,
			"hasInstallScript": true,
			"license": "Apache-2.0",
			"bin": {
				"workerd": "bin/workerd"
			},
			"engines": {
				"node": ">=16"
			},
			"optionalDependencies": {
				"@cloudflare/workerd-darwin-64": "1.20250924.0",
				"@cloudflare/workerd-darwin-arm64": "1.20250924.0",
				"@cloudflare/workerd-linux-64": "1.20250924.0",
				"@cloudflare/workerd-linux-arm64": "1.20250924.0",
				"@cloudflare/workerd-windows-64": "1.20250924.0"
			}
		},
		"node_modules/wrangler": {
			"version": "4.40.2",
			"dev": true,
			"license": "MIT OR Apache-2.0",
			"dependencies": {
				"@cloudflare/kv-asset-handler": "0.4.0",
				"@cloudflare/unenv-preset": "2.7.4",
				"blake3-wasm": "2.1.5",
				"esbuild": "0.25.4",
				"miniflare": "4.20250924.0",
				"path-to-regexp": "6.3.0",
				"unenv": "2.0.0-rc.21",
				"workerd": "1.20250924.0"
			},
			"bin": {
				"wrangler": "bin/wrangler.js",
				"wrangler2": "bin/wrangler.js"
			},
			"engines": {
				"node": ">=18.0.0"
			},
			"optionalDependencies": {
				"fsevents": "~2.3.2"
			},
			"peerDependencies": {
				"@cloudflare/workers-types": "^4.20250924.0"
			},
			"peerDependenciesMeta": {
				"@cloudflare/workers-types": {
					"optional": true
				}
			}
		},
		"node_modules/ws": {
			"version": "8.18.0",
			"dev": true,
			"license": "MIT",
			"engines": {
				"node": ">=10.0.0"
			},
			"peerDependencies": {
				"bufferutil": "^4.0.1",
				"utf-8-validate": ">=5.0.2"
			},
			"peerDependenciesMeta": {
				"bufferutil": {
					"optional": true
				},
				"utf-8-validate": {
					"optional": true
				}
			}
		},
		"node_modules/youch": {
			"version": "4.1.0-beta.10",
			"dev": true,
			"license": "MIT",
			"dependencies": {
				"@poppinss/colors": "^4.1.5",
				"@poppinss/dumper": "^0.6.4",
				"@speed-highlight/core": "^1.2.7",
				"cookie": "^1.0.2",
				"youch-core": "^0.3.3"
			}
		},
		"node_modules/youch-core": {
			"version": "0.3.3",
			"dev": true,
			"license": "MIT",
			"dependencies": {
				"@poppinss/exception": "^1.2.2",
				"error-stack-parser-es": "^1.0.5"
			}
		}
	}
}
